
Microsoft Visual Studio Solution File, Format Version 12.00
# Visual Studio Version 16
VisualStudioVersion = 16.0.30002.166
MinimumVisualStudioVersion = 10.0.40219.1
Project("{FAE04EC0-301F-11D3-BF4B-00C04F79EFBC}") = "Aquality.Appium.Mobile.Template", "Aquality.Appium.Mobile.Template\Aquality.Appium.Mobile.Template.csproj", "{7CD6BD1A-EFA9-40C9-A097-A792812C0230}"
EndProject
Project("{FAE04EC0-301F-11D3-BF4B-00C04F79EFBC}") = "Aquality.Appium.Mobile.Template.SpecFlow", "Aquality.Appium.Mobile.Template.SpecFlow\Aquality.Appium.Mobile.Template.SpecFlow.csproj", "{904CD2E4-601A-4FFB-9DB3-8BD2DF3C2934}"
EndProject
Global
	GlobalSection(SolutionConfigurationPlatforms) = preSolution
		Debug|Any CPU = Debug|Any CPU
		Release|Any CPU = Release|Any CPU
	EndGlobalSection
	GlobalSection(ProjectConfigurationPlatforms) = postSolution
		{7CD6BD1A-EFA9-40C9-A097-A792812C0230}.Debug|Any CPU.ActiveCfg = Debug|Any CPU
		{7CD6BD1A-EFA9-40C9-A097-A792812C0230}.Debug|Any CPU.Build.0 = Debug|Any CPU
		{7CD6BD1A-EFA9-40C9-A097-A792812C0230}.Release|Any CPU.ActiveCfg = Release|Any CPU
		{7CD6BD1A-EFA9-40C9-A097-A792812C0230}.Release|Any CPU.Build.0 = Release|Any CPU
		{904CD2E4-601A-4FFB-9DB3-8BD2DF3C2934}.Debug|Any CPU.ActiveCfg = Debug|Any CPU
		{904CD2E4-601A-4FFB-9DB3-8BD2DF3C2934}.Debug|Any CPU.Build.0 = Debug|Any CPU
		{904CD2E4-601A-4FFB-9DB3-8BD2DF3C2934}.Release|Any CPU.ActiveCfg = Release|Any CPU
		{904CD2E4-601A-4FFB-9DB3-8BD2DF3C2934}.Release|Any CPU.Build.0 = Release|Any CPU
	EndGlobalSection
	GlobalSection(SolutionProperties) = preSolution
		HideSolutionNode = FALSE
	EndGlobalSection
	GlobalSection(ExtensibilityGlobals) = postSolution
		SolutionGuid = {2865B3CB-9402-4F86-9C3B-325A7001183A}
	EndGlobalSection
EndGlobal
